{"git_url":"https:\/\/github.com\/cmsium\/Cmsium_library.git","destination_dir":"core","libraries":["lib\/validation","lib\/router","lib\/config","lib\/http_server","lib\/plumber","lib\/errors","lib\/webgear","utils\/openapi","utils\/migrator","lib\/database","lib\/files","lib\/config","lib\/validation","lib\/http_server","lib\/webgear","lib\/presenter","lib\/transaction","lib\/queue","lib\/errors","lib\/testgear"],"last_hash":"216729098d8288fd6a05626c70c23ae9a6199b83"}