{"git_url":"https:\/\/github.com\/cmsium\/Cmsium_library.git","destination_dir":"core","libraries":["lib\/validation","lib\/router","lib\/config","lib\/http_server","lib\/plumber","utils\/openapi","utils\/migrator","lib\/database","lib\/files","lib\/config","lib\/validation","lib\/http_server","lib\/webgear","lib\/presenter","lib\/transaction","lib\/queue"],"last_hash":"0dd0fa79b6d071dee271edfde2017088d899eb0e"}